
Microsoft Visual Studio Solution File, Format Version 10.00
# Visual Studio 2008
Project("{FAE04EC0-301F-11D3-BF4B-00C04F79EFBC}") = "CssMerger", "CssMerger\CssMerger.csproj", "{CEBD1471-778B-4D4E-87E5-A3719789885C}"
EndProject
Project("{FAE04EC0-301F-11D3-BF4B-00C04F79EFBC}") = "CssMerger.Tests", "CssMerger.Tests\CssMerger.Tests.csproj", "{74964CEA-07B4-4170-9CEC-493A7FFF55C0}"
EndProject
Project("{2150E333-8FDC-42A3-9474-1A3956D46DE8}") = "Solution Items", "Solution Items", "{0041F134-C62E-4DC9-8F57-70A5F13FA237}"
	ProjectSection(SolutionItems) = preProject
		CssMerger.vsmdi = CssMerger.vsmdi
		CssMerger1.vsmdi = CssMerger1.vsmdi
		CssMerger2.vsmdi = CssMerger2.vsmdi
		CssMerger3.vsmdi = CssMerger3.vsmdi
		LocalTestRun.testrunconfig = LocalTestRun.testrunconfig
	EndProjectSection
EndProject
Global
	GlobalSection(TestCaseManagementSettings) = postSolution
		CategoryFile = CssMerger3.vsmdi
	EndGlobalSection
	GlobalSection(SolutionConfigurationPlatforms) = preSolution
		Debug|Any CPU = Debug|Any CPU
		Release|Any CPU = Release|Any CPU
	EndGlobalSection
	GlobalSection(ProjectConfigurationPlatforms) = postSolution
		{CEBD1471-778B-4D4E-87E5-A3719789885C}.Debug|Any CPU.ActiveCfg = Debug|Any CPU
		{CEBD1471-778B-4D4E-87E5-A3719789885C}.Debug|Any CPU.Build.0 = Debug|Any CPU
		{CEBD1471-778B-4D4E-87E5-A3719789885C}.Release|Any CPU.ActiveCfg = Release|Any CPU
		{CEBD1471-778B-4D4E-87E5-A3719789885C}.Release|Any CPU.Build.0 = Release|Any CPU
		{74964CEA-07B4-4170-9CEC-493A7FFF55C0}.Debug|Any CPU.ActiveCfg = Debug|Any CPU
		{74964CEA-07B4-4170-9CEC-493A7FFF55C0}.Debug|Any CPU.Build.0 = Debug|Any CPU
		{74964CEA-07B4-4170-9CEC-493A7FFF55C0}.Release|Any CPU.ActiveCfg = Release|Any CPU
		{74964CEA-07B4-4170-9CEC-493A7FFF55C0}.Release|Any CPU.Build.0 = Release|Any CPU
	EndGlobalSection
	GlobalSection(SolutionProperties) = preSolution
		HideSolutionNode = FALSE
	EndGlobalSection
EndGlobal
